// !$*UTF8*$!
{
	archiveVersion = 1;
	classes = {
	};
	objectVersion = 55;
	objects = {

/* Begin PBXBuildFile section */
		FA07BA52283FC2F8005B8EF7 /* ZoneInfoApp.swift in Sources */ = {isa = PBXBuildFile; fileRef = FA07BA42283FC2F7005B8EF7 /* ZoneInfoApp.swift */; };
		FA07BA54283FC2F8005B8EF7 /* ContentView.swift in Sources */ = {isa = PBXBuildFile; fileRef = FA07BA43283FC2F7005B8EF7 /* ContentView.swift */; };
		FA07BA56283FC2F8005B8EF7 /* Assets.xcassets in Resources */ = {isa = PBXBuildFile; fileRef = FA07BA44283FC2F8005B8EF7 /* Assets.xcassets */; };
		FA07BA61283FC3B5005B8EF7 /* TimeZoneEntry.swift in Sources */ = {isa = PBXBuildFile; fileRef = FA07BA60283FC3B5005B8EF7 /* TimeZoneEntry.swift */; };
		FA3E97C6283FCA2300708EA5 /* MapView.swift in Sources */ = {isa = PBXBuildFile; fileRef = FA3E97C5283FCA2300708EA5 /* MapView.swift */; };
		FAE17517284D0D4B0059678D /* TimeZoneEntry+Annotation.swift in Sources */ = {isa = PBXBuildFile; fileRef = FAE17516284D0D4B0059678D /* TimeZoneEntry+Annotation.swift */; };
		FAE1751A284D0D700059678D /* TimeZoneEntry+AnnotationView.swift in Sources */ = {isa = PBXBuildFile; fileRef = FAE17519284D0D700059678D /* TimeZoneEntry+AnnotationView.swift */; };
		FAE1751D284D6A4A0059678D /* TimeZoneEntryView.swift in Sources */ = {isa = PBXBuildFile; fileRef = FAE1751C284D6A4A0059678D /* TimeZoneEntryView.swift */; };
/* End PBXBuildFile section */

/* Begin PBXFileReference section */
		FA07BA42283FC2F7005B8EF7 /* ZoneInfoApp.swift */ = {isa = PBXFileReference; lastKnownFileType = sourcecode.swift; path = ZoneInfoApp.swift; sourceTree = "<group>"; };
		FA07BA43283FC2F7005B8EF7 /* ContentView.swift */ = {isa = PBXFileReference; lastKnownFileType = sourcecode.swift; path = ContentView.swift; sourceTree = "<group>"; };
		FA07BA44283FC2F8005B8EF7 /* Assets.xcassets */ = {isa = PBXFileReference; lastKnownFileType = folder.assetcatalog; path = Assets.xcassets; sourceTree = "<group>"; };
		FA07BA49283FC2F8005B8EF7 /* ZoneInfo.app */ = {isa = PBXFileReference; explicitFileType = wrapper.application; includeInIndex = 0; path = ZoneInfo.app; sourceTree = BUILT_PRODUCTS_DIR; };
		FA07BA51283FC2F8005B8EF7 /* ZoneInfo.entitlements */ = {isa = PBXFileReference; lastKnownFileType = text.plist.entitlements; path = ZoneInfo.entitlements; sourceTree = "<group>"; };
		FA07BA60283FC3B5005B8EF7 /* TimeZoneEntry.swift */ = {isa = PBXFileReference; lastKnownFileType = sourcecode.swift; path = TimeZoneEntry.swift; sourceTree = "<group>"; };
		FA3E97C5283FCA2300708EA5 /* MapView.swift */ = {isa = PBXFileReference; lastKnownFileType = sourcecode.swift; path = MapView.swift; sourceTree = "<group>"; };
		FAE17516284D0D4B0059678D /* TimeZoneEntry+Annotation.swift */ = {isa = PBXFileReference; lastKnownFileType = sourcecode.swift; path = "TimeZoneEntry+Annotation.swift"; sourceTree = "<group>"; };
		FAE17519284D0D700059678D /* TimeZoneEntry+AnnotationView.swift */ = {isa = PBXFileReference; lastKnownFileType = sourcecode.swift; path = "TimeZoneEntry+AnnotationView.swift"; sourceTree = "<group>"; };
		FAE1751C284D6A4A0059678D /* TimeZoneEntryView.swift */ = {isa = PBXFileReference; lastKnownFileType = sourcecode.swift; path = TimeZoneEntryView.swift; sourceTree = "<group>"; };
/* End PBXFileReference section */

/* Begin PBXFrameworksBuildPhase section */
		FA07BA46283FC2F8005B8EF7 /* Frameworks */ = {
			isa = PBXFrameworksBuildPhase;
			buildActionMask = 2147483647;
			files = (
			);
			runOnlyForDeploymentPostprocessing = 0;
		};
/* End PBXFrameworksBuildPhase section */

/* Begin PBXGroup section */
		FA07BA3C283FC2F7005B8EF7 = {
			isa = PBXGroup;
			children = (
				FA07BA41283FC2F7005B8EF7 /* ZoneInfo */,
				FA07BA4A283FC2F8005B8EF7 /* Products */,
			);
			sourceTree = "<group>";
		};
		FA07BA41283FC2F7005B8EF7 /* ZoneInfo */ = {
			isa = PBXGroup;
			children = (
				FA07BA42283FC2F7005B8EF7 /* ZoneInfoApp.swift */,
				FA07BA60283FC3B5005B8EF7 /* TimeZoneEntry.swift */,
				FAE17516284D0D4B0059678D /* TimeZoneEntry+Annotation.swift */,
				FAE17519284D0D700059678D /* TimeZoneEntry+AnnotationView.swift */,
				FA3E97C5283FCA2300708EA5 /* MapView.swift */,
				FA07BA43283FC2F7005B8EF7 /* ContentView.swift */,
				FAE1751C284D6A4A0059678D /* TimeZoneEntryView.swift */,
				FA07BA44283FC2F8005B8EF7 /* Assets.xcassets */,
				FA07BA51283FC2F8005B8EF7 /* ZoneInfo.entitlements */,
			);
			path = ZoneInfo;
			sourceTree = "<group>";
		};
		FA07BA4A283FC2F8005B8EF7 /* Products */ = {
			isa = PBXGroup;
			children = (
				FA07BA49283FC2F8005B8EF7 /* ZoneInfo.app */,
			);
			name = Products;
			sourceTree = "<group>";
		};
/* End PBXGroup section */

/* Begin PBXNativeTarget section */
		FA07BA48283FC2F8005B8EF7 /* ZoneInfo */ = {
			isa = PBXNativeTarget;
			buildConfigurationList = FA07BA5A283FC2F8005B8EF7 /* Build configuration list for PBXNativeTarget "ZoneInfo" */;
			buildPhases = (
				FA07BA45283FC2F8005B8EF7 /* Sources */,
				FA07BA46283FC2F8005B8EF7 /* Frameworks */,
				FA07BA47283FC2F8005B8EF7 /* Resources */,
			);
			buildRules = (
			);
			dependencies = (
			);
			name = ZoneInfo;
			productName = "ZoneInfo (iOS)";
			productReference = FA07BA49283FC2F8005B8EF7 /* ZoneInfo.app */;
			productType = "com.apple.product-type.application";
		};
/* End PBXNativeTarget section */

/* Begin PBXProject section */
		FA07BA3D283FC2F7005B8EF7 /* Project object */ = {
			isa = PBXProject;
			attributes = {
				BuildIndependentTargetsInParallel = 1;
				LastSwiftUpdateCheck = 1330;
				LastUpgradeCheck = 1330;
				TargetAttributes = {
					FA07BA48283FC2F8005B8EF7 = {
						CreatedOnToolsVersion = 13.3;
					};
				};
			};
			buildConfigurationList = FA07BA40283FC2F7005B8EF7 /* Build configuration list for PBXProject "ZoneInfo" */;
			compatibilityVersion = "Xcode 13.0";
			developmentRegion = en;
			hasScannedForEncodings = 0;
			knownRegions = (
				en,
				Base,
			);
			mainGroup = FA07BA3C283FC2F7005B8EF7;
			productRefGroup = FA07BA4A283FC2F8005B8EF7 /* Products */;
			projectDirPath = "";
			projectRoot = "";
			targets = (
				FA07BA48283FC2F8005B8EF7 /* ZoneInfo */,
			);
		};
/* End PBXProject section */

/* Begin PBXResourcesBuildPhase section */
		FA07BA47283FC2F8005B8EF7 /* Resources */ = {
			isa = PBXResourcesBuildPhase;
			buildActionMask = 2147483647;
			files = (
				FA07BA56283FC2F8005B8EF7 /* Assets.xcassets in Resources */,
			);
			runOnlyForDeploymentPostprocessing = 0;
		};
/* End PBXResourcesBuildPhase section */

/* Begin PBXSourcesBuildPhase section */
		FA07BA45283FC2F8005B8EF7 /* Sources */ = {
			isa = PBXSourcesBuildPhase;
			buildActionMask = 2147483647;
			files = (
				FAE1751D284D6A4A0059678D /* TimeZoneEntryView.swift in Sources */,
				FA07BA54283FC2F8005B8EF7 /* ContentView.swift in Sources */,
				FA3E97C6283FCA2300708EA5 /* MapView.swift in Sources */,
				FA07BA52283FC2F8005B8EF7 /* ZoneInfoApp.swift in Sources */,
				FA07BA61283FC3B5005B8EF7 /* TimeZoneEntry.swift in Sources */,
				FAE17517284D0D4B0059678D /* TimeZoneEntry+Annotation.swift in Sources */,
				FAE1751A284D0D700059678D /* TimeZoneEntry+AnnotationView.swift in Sources */,
			);
			runOnlyForDeploymentPostprocessing = 0;
		};
/* End PBXSourcesBuildPhase section */

/* Begin XCBuildConfiguration section */
		FA07BA58283FC2F8005B8EF7 /* Debug */ = {
			isa = XCBuildConfiguration;
			buildSettings = {
				ALWAYS_SEARCH_USER_PATHS = NO;
				CLANG_ANALYZER_NONNULL = YES;
				CLANG_ANALYZER_NUMBER_OBJECT_CONVERSION = YES_AGGRESSIVE;
				CLANG_CXX_LANGUAGE_STANDARD = "gnu++17";
				CLANG_ENABLE_MODULES = YES;
				CLANG_ENABLE_OBJC_ARC = YES;
				CLANG_ENABLE_OBJC_WEAK = YES;
				CLANG_WARN_BLOCK_CAPTURE_AUTORELEASING = YES;
				CLANG_WARN_BOOL_CONVERSION = YES;
				CLANG_WARN_COMMA = YES;
				CLANG_WARN_CONSTANT_CONVERSION = YES;
				CLANG_WARN_DEPRECATED_OBJC_IMPLEMENTATIONS = YES;
				CLANG_WARN_DIRECT_OBJC_ISA_USAGE = YES_ERROR;
				CLANG_WARN_DOCUMENTATION_COMMENTS = YES;
				CLANG_WARN_EMPTY_BODY = YES;
				CLANG_WARN_ENUM_CONVERSION = YES;
				CLANG_WARN_INFINITE_RECURSION = YES;
				CLANG_WARN_INT_CONVERSION = YES;
				CLANG_WARN_NON_LITERAL_NULL_CONVERSION = YES;
				CLANG_WARN_OBJC_IMPLICIT_RETAIN_SELF = YES;
				CLANG_WARN_OBJC_LITERAL_CONVERSION = YES;
				CLANG_WARN_OBJC_ROOT_CLASS = YES_ERROR;
				CLANG_WARN_QUOTED_INCLUDE_IN_FRAMEWORK_HEADER = YES;
				CLANG_WARN_RANGE_LOOP_ANALYSIS = YES;
				CLANG_WARN_STRICT_PROTOTYPES = YES;
				CLANG_WARN_SUSPICIOUS_MOVE = YES;
				CLANG_WARN_UNGUARDED_AVAILABILITY = YES_AGGRESSIVE;
				CLANG_WARN_UNREACHABLE_CODE = YES;
				CLANG_WARN__DUPLICATE_METHOD_MATCH = YES;
				COPY_PHASE_STRIP = NO;
				CURRENT_PROJECT_VERSION = 1;
				DEBUG_INFORMATION_FORMAT = dwarf;
				ENABLE_STRICT_OBJC_MSGSEND = YES;
				ENABLE_TESTABILITY = YES;
				GCC_C_LANGUAGE_STANDARD = gnu11;
				GCC_DYNAMIC_NO_PIC = NO;
				GCC_NO_COMMON_BLOCKS = YES;
				GCC_OPTIMIZATION_LEVEL = 0;
				GCC_PREPROCESSOR_DEFINITIONS = (
					"DEBUG=1",
					"$(inherited)",
				);
				GCC_WARN_64_TO_32_BIT_CONVERSION = YES;
				GCC_WARN_ABOUT_RETURN_TYPE = YES_ERROR;
				GCC_WARN_UNDECLARED_SELECTOR = YES;
				GCC_WARN_UNINITIALIZED_AUTOS = YES_AGGRESSIVE;
				GCC_WARN_UNUSED_FUNCTION = YES;
				GCC_WARN_UNUSED_VARIABLE = YES;
				MARKETING_VERSION = 1.0;
				MTL_ENABLE_DEBUG_INFO = INCLUDE_SOURCE;
				MTL_FAST_MATH = YES;
				ONLY_ACTIVE_ARCH = YES;
				SWIFT_ACTIVE_COMPILATION_CONDITIONS = DEBUG;
				SWIFT_OPTIMIZATION_LEVEL = "-Onone";
			};
			name = Debug;
		};
		FA07BA59283FC2F8005B8EF7 /* Release */ = {
			isa = XCBuildConfiguration;
			buildSettings = {
				ALWAYS_SEARCH_USER_PATHS = NO;
				CLANG_ANALYZER_NONNULL = YES;
				CLANG_ANALYZER_NUMBER_OBJECT_CONVERSION = YES_AGGRESSIVE;
				CLANG_CXX_LANGUAGE_STANDARD = "gnu++17";
				CLANG_ENABLE_MODULES = YES;
				CLANG_ENABLE_OBJC_ARC = YES;
				CLANG_ENABLE_OBJC_WEAK = YES;
				CLANG_WARN_BLOCK_CAPTURE_AUTORELEASING = YES;
				CLANG_WARN_BOOL_CONVERSION = YES;
				CLANG_WARN_COMMA = YES;
				CLANG_WARN_CONSTANT_CONVERSION = YES;
				CLANG_WARN_DEPRECATED_OBJC_IMPLEMENTATIONS = YES;
				CLANG_WARN_DIRECT_OBJC_ISA_USAGE = YES_ERROR;
				CLANG_WARN_DOCUMENTATION_COMMENTS = YES;
				CLANG_WARN_EMPTY_BODY = YES;
				CLANG_WARN_ENUM_CONVERSION = YES;
				CLANG_WARN_INFINITE_RECURSION = YES;
				CLANG_WARN_INT_CONVERSION = YES;
				CLANG_WARN_NON_LITERAL_NULL_CONVERSION = YES;
				CLANG_WARN_OBJC_IMPLICIT_RETAIN_SELF = YES;
				CLANG_WARN_OBJC_LITERAL_CONVERSION = YES;
				CLANG_WARN_OBJC_ROOT_CLASS = YES_ERROR;
				CLANG_WARN_QUOTED_INCLUDE_IN_FRAMEWORK_HEADER = YES;
				CLANG_WARN_RANGE_LOOP_ANALYSIS = YES;
				CLANG_WARN_STRICT_PROTOTYPES = YES;
				CLANG_WARN_SUSPICIOUS_MOVE = YES;
				CLANG_WARN_UNGUARDED_AVAILABILITY = YES_AGGRESSIVE;
				CLANG_WARN_UNREACHABLE_CODE = YES;
				CLANG_WARN__DUPLICATE_METHOD_MATCH = YES;
				COPY_PHASE_STRIP = NO;
				CURRENT_PROJECT_VERSION = 1;
				DEBUG_INFORMATION_FORMAT = "dwarf-with-dsym";
				ENABLE_NS_ASSERTIONS = NO;
				ENABLE_STRICT_OBJC_MSGSEND = YES;
				GCC_C_LANGUAGE_STANDARD = gnu11;
				GCC_NO_COMMON_BLOCKS = YES;
				GCC_WARN_64_TO_32_BIT_CONVERSION = YES;
				GCC_WARN_ABOUT_RETURN_TYPE = YES_ERROR;
				GCC_WARN_UNDECLARED_SELECTOR = YES;
				GCC_WARN_UNINITIALIZED_AUTOS = YES_AGGRESSIVE;
				GCC_WARN_UNUSED_FUNCTION = YES;
				GCC_WARN_UNUSED_VARIABLE = YES;
				MARKETING_VERSION = 1.0;
				MTL_ENABLE_DEBUG_INFO = NO;
				MTL_FAST_MATH = YES;
				SWIFT_COMPILATION_MODE = wholemodule;
				SWIFT_OPTIMIZATION_LEVEL = "-O";
			};
			name = Release;
		};
		FA07BA5B283FC2F8005B8EF7 /* Debug */ = {
			isa = XCBuildConfiguration;
			buildSettings = {
				ASSETCATALOG_COMPILER_APPICON_NAME = AppIcon;
				ASSETCATALOG_COMPILER_GLOBAL_ACCENT_COLOR_NAME = AccentColor;
				CODE_SIGN_ENTITLEMENTS = ZoneInfo/ZoneInfo.entitlements;
				CODE_SIGN_STYLE = Automatic;
				DEVELOPMENT_TEAM = 7P56K8K4MY;
				ENABLE_PREVIEWS = YES;
				GENERATE_INFOPLIST_FILE = YES;
				INFOPLIST_KEY_LSApplicationCategoryType = "public.app-category.reference";
				INFOPLIST_KEY_UIApplicationSceneManifest_Generation = YES;
				INFOPLIST_KEY_UIApplicationSupportsIndirectInputEvents = YES;
				INFOPLIST_KEY_UILaunchScreen_Generation = YES;
				INFOPLIST_KEY_UISupportedInterfaceOrientations_iPad = "UIInterfaceOrientationPortrait UIInterfaceOrientationPortraitUpsideDown UIInterfaceOrientationLandscapeLeft UIInterfaceOrientationLandscapeRight";
				INFOPLIST_KEY_UISupportedInterfaceOrientations_iPhone = "UIInterfaceOrientationPortrait UIInterfaceOrientationLandscapeLeft UIInterfaceOrientationLandscapeRight";
				IPHONEOS_DEPLOYMENT_TARGET = 15.0;
				LD_RUNPATH_SEARCH_PATHS = (
					"$(inherited)",
					"@executable_path/Frameworks",
				);
				MACOSX_DEPLOYMENT_TARGET = 12.0;
				PRODUCT_BUNDLE_IDENTIFIER = null.leptos.ZoneInfo;
				PRODUCT_NAME = ZoneInfo;
				SDKROOT = iphoneos;
				SUPPORTED_PLATFORMS = "iphoneos iphonesimulator macosx";
				SUPPORTS_MACCATALYST = NO;
				SUPPORTS_MAC_DESIGNED_FOR_IPHONE_IPAD = NO;
				SWIFT_EMIT_LOC_STRINGS = YES;
				SWIFT_VERSION = 5.0;
				TARGETED_DEVICE_FAMILY = "1,2";
			};
			name = Debug;
		};
		FA07BA5C283FC2F8005B8EF7 /* Release */ = {
			isa = XCBuildConfiguration;
			buildSettings = {
				ASSETCATALOG_COMPILER_APPICON_NAME = AppIcon;
				ASSETCATALOG_COMPILER_GLOBAL_ACCENT_COLOR_NAME = AccentColor;
				CODE_SIGN_ENTITLEMENTS = ZoneInfo/ZoneInfo.entitlements;
				CODE_SIGN_STYLE = Automatic;
				DEVELOPMENT_TEAM = 7P56K8K4MY;
				ENABLE_PREVIEWS = YES;
				GENERATE_INFOPLIST_FILE = YES;
				INFOPLIST_KEY_LSApplicationCategoryType = "public.app-category.reference";
				INFOPLIST_KEY_UIApplicationSceneManifest_Generation = YES;
				INFOPLIST_KEY_UIApplicationSupportsIndirectInputEvents = YES;
				INFOPLIST_KEY_UILaunchScreen_Generation = YES;
				INFOPLIST_KEY_UISupportedInterfaceOrientations_iPad = "UIInterfaceOrientationPortrait UIInterfaceOrientationPortraitUpsideDown UIInterfaceOrientationLandscapeLeft UIInterfaceOrientationLandscapeRight";
				INFOPLIST_KEY_UISupportedInterfaceOrientations_iPhone = "UIInterfaceOrientationPortrait UIInterfaceOrientationLandscapeLeft UIInterfaceOrientationLandscapeRight";
				IPHONEOS_DEPLOYMENT_TARGET = 15.0;
				LD_RUNPATH_SEARCH_PATHS = (
					"$(inherited)",
					"@executable_path/Frameworks",
				);
				MACOSX_DEPLOYMENT_TARGET = 12.0;
				PRODUCT_BUNDLE_IDENTIFIER = null.leptos.ZoneInfo;
				PRODUCT_NAME = ZoneInfo;
				SDKROOT = iphoneos;
				SUPPORTED_PLATFORMS = "iphoneos iphonesimulator macosx";
				SUPPORTS_MACCATALYST = NO;
				SUPPORTS_MAC_DESIGNED_FOR_IPHONE_IPAD = NO;
				SWIFT_EMIT_LOC_STRINGS = YES;
				SWIFT_VERSION = 5.0;
				TARGETED_DEVICE_FAMILY = "1,2";
				VALIDATE_PRODUCT = YES;
			};
			name = Release;
		};
/* End XCBuildConfiguration section */

/* Begin XCConfigurationList section */
		FA07BA40283FC2F7005B8EF7 /* Build configuration list for PBXProject "ZoneInfo" */ = {
			isa = XCConfigurationList;
			buildConfigurations = (
				FA07BA58283FC2F8005B8EF7 /* Debug */,
				FA07BA59283FC2F8005B8EF7 /* Release */,
			);
			defaultConfigurationIsVisible = 0;
			defaultConfigurationName = Release;
		};
		FA07BA5A283FC2F8005B8EF7 /* Build configuration list for PBXNativeTarget "ZoneInfo" */ = {
			isa = XCConfigurationList;
			buildConfigurations = (
				FA07BA5B283FC2F8005B8EF7 /* Debug */,
				FA07BA5C283FC2F8005B8EF7 /* Release */,
			);
			defaultConfigurationIsVisible = 0;
			defaultConfigurationName = Release;
		};
/* End XCConfigurationList section */
	};
	rootObject = FA07BA3D283FC2F7005B8EF7 /* Project object */;
}
